// !$*UTF8*$!
{
	archiveVersion = 1;
	classes = {
	};
	objectVersion = 54;
	objects = {

/* Begin PBXBuildFile section */
		1AA7466F275D702800BDBDA0 /* rwthMainPageViewController.swift in Sources */ = {isa = PBXBuildFile; fileRef = 1AA7466E275D702800BDBDA0 /* rwthMainPageViewController.swift */; };
		1AA74672275D7AA100BDBDA0 /* WebKit.framework in Frameworks */ = {isa = PBXBuildFile; fileRef = 1AA74671275D7AA100BDBDA0 /* WebKit.framework */; };
		1AA74678275EDF3100BDBDA0 /* webNSAttributeViewController.swift in Sources */ = {isa = PBXBuildFile; fileRef = 1AA74677275EDF3100BDBDA0 /* webNSAttributeViewController.swift */; };
		1AA7467A275EDF5100BDBDA0 /* webNSParaViewController.swift in Sources */ = {isa = PBXBuildFile; fileRef = 1AA74679275EDF5100BDBDA0 /* webNSParaViewController.swift */; };
		1AA7467C275EDF6C00BDBDA0 /* webCombViewController.swift in Sources */ = {isa = PBXBuildFile; fileRef = 1AA7467B275EDF6C00BDBDA0 /* webCombViewController.swift */; };
		4225E395275B53A200EC3F7F /* WKWebViewWebsiteController.swift in Sources */ = {isa = PBXBuildFile; fileRef = 4225E392275B53A200EC3F7F /* WKWebViewWebsiteController.swift */; };
		4225E396275B53A200EC3F7F /* WKWebViewController.swift in Sources */ = {isa = PBXBuildFile; fileRef = 4225E393275B53A200EC3F7F /* WKWebViewController.swift */; };
		4225E397275B53A200EC3F7F /* WKWebViewCustomController.swift in Sources */ = {isa = PBXBuildFile; fileRef = 4225E394275B53A200EC3F7F /* WKWebViewCustomController.swift */; };
		42DC95A3274648930070D05A /* AppDelegate.swift in Sources */ = {isa = PBXBuildFile; fileRef = 42DC95A2274648930070D05A /* AppDelegate.swift */; };
		42DC95A5274648930070D05A /* SceneDelegate.swift in Sources */ = {isa = PBXBuildFile; fileRef = 42DC95A4274648930070D05A /* SceneDelegate.swift */; };
		42DC95A7274648930070D05A /* ViewController.swift in Sources */ = {isa = PBXBuildFile; fileRef = 42DC95A6274648930070D05A /* ViewController.swift */; };
		42DC95AA274648930070D05A /* Main.storyboard in Resources */ = {isa = PBXBuildFile; fileRef = 42DC95A8274648930070D05A /* Main.storyboard */; };
		42DC95AC274648960070D05A /* Assets.xcassets in Resources */ = {isa = PBXBuildFile; fileRef = 42DC95AB274648960070D05A /* Assets.xcassets */; };
		42DC95AF274648960070D05A /* LaunchScreen.storyboard in Resources */ = {isa = PBXBuildFile; fileRef = 42DC95AD274648960070D05A /* LaunchScreen.storyboard */; };
		42DC95B7274687A00070D05A /* NSAttrStringViewController.swift in Sources */ = {isa = PBXBuildFile; fileRef = 42DC95B6274687A00070D05A /* NSAttrStringViewController.swift */; };
		42DC95BC2746DF060070D05A /* NSParaStyleViewController.swift in Sources */ = {isa = PBXBuildFile; fileRef = 42DC95BB2746DF060070D05A /* NSParaStyleViewController.swift */; };
		42E91F7D275A155E00190C8A /* xmas.jpg in Resources */ = {isa = PBXBuildFile; fileRef = 42E91F7C275A155E00190C8A /* xmas.jpg */; };
		42E91F7F275A26AE00190C8A /* UIImageExtension.swift in Sources */ = {isa = PBXBuildFile; fileRef = 42E91F7E275A26AE00190C8A /* UIImageExtension.swift */; };
		42FCF5ED2747D9D900A364EA /* NSTextkitViewController.swift in Sources */ = {isa = PBXBuildFile; fileRef = 42FCF5EC2747D9D900A364EA /* NSTextkitViewController.swift */; };
		597DED3B2763AD6B0039ED98 /* hello-world.html in Resources */ = {isa = PBXBuildFile; fileRef = 597DED3A2763AD6B0039ED98 /* hello-world.html */; };
		F28D63842761FE9300EB642F /* UITextViewController.swift in Sources */ = {isa = PBXBuildFile; fileRef = F28D63832761FE9300EB642F /* UITextViewController.swift */; };
/* End PBXBuildFile section */

/* Begin PBXFileReference section */
		1AA7466E275D702800BDBDA0 /* rwthMainPageViewController.swift */ = {isa = PBXFileReference; lastKnownFileType = sourcecode.swift; path = rwthMainPageViewController.swift; sourceTree = "<group>"; };
		1AA74671275D7AA100BDBDA0 /* WebKit.framework */ = {isa = PBXFileReference; lastKnownFileType = wrapper.framework; name = WebKit.framework; path = System/Library/Frameworks/WebKit.framework; sourceTree = SDKROOT; };
		1AA74677275EDF3100BDBDA0 /* webNSAttributeViewController.swift */ = {isa = PBXFileReference; lastKnownFileType = sourcecode.swift; path = webNSAttributeViewController.swift; sourceTree = "<group>"; };
		1AA74679275EDF5100BDBDA0 /* webNSParaViewController.swift */ = {isa = PBXFileReference; lastKnownFileType = sourcecode.swift; path = webNSParaViewController.swift; sourceTree = "<group>"; };
		1AA7467B275EDF6C00BDBDA0 /* webCombViewController.swift */ = {isa = PBXFileReference; lastKnownFileType = sourcecode.swift; path = webCombViewController.swift; sourceTree = "<group>"; };
		4225E392275B53A200EC3F7F /* WKWebViewWebsiteController.swift */ = {isa = PBXFileReference; fileEncoding = 4; lastKnownFileType = sourcecode.swift; path = WKWebViewWebsiteController.swift; sourceTree = "<group>"; };
		4225E393275B53A200EC3F7F /* WKWebViewController.swift */ = {isa = PBXFileReference; fileEncoding = 4; lastKnownFileType = sourcecode.swift; path = WKWebViewController.swift; sourceTree = "<group>"; };
		4225E394275B53A200EC3F7F /* WKWebViewCustomController.swift */ = {isa = PBXFileReference; fileEncoding = 4; lastKnownFileType = sourcecode.swift; path = WKWebViewCustomController.swift; sourceTree = "<group>"; };
		42DC959F274648930070D05A /* DisplayRichArticles.app */ = {isa = PBXFileReference; explicitFileType = wrapper.application; includeInIndex = 0; path = DisplayRichArticles.app; sourceTree = BUILT_PRODUCTS_DIR; };
		42DC95A2274648930070D05A /* AppDelegate.swift */ = {isa = PBXFileReference; lastKnownFileType = sourcecode.swift; path = AppDelegate.swift; sourceTree = "<group>"; };
		42DC95A4274648930070D05A /* SceneDelegate.swift */ = {isa = PBXFileReference; lastKnownFileType = sourcecode.swift; path = SceneDelegate.swift; sourceTree = "<group>"; };
		42DC95A6274648930070D05A /* ViewController.swift */ = {isa = PBXFileReference; lastKnownFileType = sourcecode.swift; path = ViewController.swift; sourceTree = "<group>"; };
		42DC95A9274648930070D05A /* Base */ = {isa = PBXFileReference; lastKnownFileType = file.storyboard; name = Base; path = Base.lproj/Main.storyboard; sourceTree = "<group>"; };
		42DC95AB274648960070D05A /* Assets.xcassets */ = {isa = PBXFileReference; lastKnownFileType = folder.assetcatalog; path = Assets.xcassets; sourceTree = "<group>"; };
		42DC95AE274648960070D05A /* Base */ = {isa = PBXFileReference; lastKnownFileType = file.storyboard; name = Base; path = Base.lproj/LaunchScreen.storyboard; sourceTree = "<group>"; };
		42DC95B0274648960070D05A /* Info.plist */ = {isa = PBXFileReference; lastKnownFileType = text.plist.xml; path = Info.plist; sourceTree = "<group>"; };
		42DC95B6274687A00070D05A /* NSAttrStringViewController.swift */ = {isa = PBXFileReference; lastKnownFileType = sourcecode.swift; path = NSAttrStringViewController.swift; sourceTree = "<group>"; };
		42DC95BB2746DF060070D05A /* NSParaStyleViewController.swift */ = {isa = PBXFileReference; lastKnownFileType = sourcecode.swift; path = NSParaStyleViewController.swift; sourceTree = "<group>"; };
		42E91F7C275A155E00190C8A /* xmas.jpg */ = {isa = PBXFileReference; lastKnownFileType = image.jpeg; path = xmas.jpg; sourceTree = "<group>"; };
		42E91F7E275A26AE00190C8A /* UIImageExtension.swift */ = {isa = PBXFileReference; lastKnownFileType = sourcecode.swift; path = UIImageExtension.swift; sourceTree = "<group>"; };
		42FCF5EC2747D9D900A364EA /* NSTextkitViewController.swift */ = {isa = PBXFileReference; lastKnownFileType = sourcecode.swift; path = NSTextkitViewController.swift; sourceTree = "<group>"; };
		597DED3A2763AD6B0039ED98 /* hello-world.html */ = {isa = PBXFileReference; fileEncoding = 4; lastKnownFileType = text.html; path = "hello-world.html"; sourceTree = "<group>"; };
		F28D63832761FE9300EB642F /* UITextViewController.swift */ = {isa = PBXFileReference; lastKnownFileType = sourcecode.swift; path = UITextViewController.swift; sourceTree = "<group>"; };
/* End PBXFileReference section */

/* Begin PBXFrameworksBuildPhase section */
		42DC959C274648930070D05A /* Frameworks */ = {
			isa = PBXFrameworksBuildPhase;
			buildActionMask = 2147483647;
			files = (
				1AA74672275D7AA100BDBDA0 /* WebKit.framework in Frameworks */,
			);
			runOnlyForDeploymentPostprocessing = 0;
		};
/* End PBXFrameworksBuildPhase section */

/* Begin PBXGroup section */
		1AA74670275D7AA100BDBDA0 /* Frameworks */ = {
			isa = PBXGroup;
			children = (
				1AA74671275D7AA100BDBDA0 /* WebKit.framework */,
			);
			name = Frameworks;
			sourceTree = "<group>";
		};
		4225E391275B53A200EC3F7F /* WKWebView */ = {
			isa = PBXGroup;
			children = (
				597DED3A2763AD6B0039ED98 /* hello-world.html */,
				4225E392275B53A200EC3F7F /* WKWebViewWebsiteController.swift */,
				4225E393275B53A200EC3F7F /* WKWebViewController.swift */,
				4225E394275B53A200EC3F7F /* WKWebViewCustomController.swift */,
			);
			path = WKWebView;
			sourceTree = "<group>";
		};
		4225E398275BE6C300EC3F7F /* NSAttrStrNSParaStyle */ = {
			isa = PBXGroup;
			children = (
				42E91F7E275A26AE00190C8A /* UIImageExtension.swift */,
				42DC95B6274687A00070D05A /* NSAttrStringViewController.swift */,
				42DC95BB2746DF060070D05A /* NSParaStyleViewController.swift */,
				42FCF5EC2747D9D900A364EA /* NSTextkitViewController.swift */,
				1AA7466E275D702800BDBDA0 /* rwthMainPageViewController.swift */,
				1AA74677275EDF3100BDBDA0 /* webNSAttributeViewController.swift */,
				1AA74679275EDF5100BDBDA0 /* webNSParaViewController.swift */,
				1AA7467B275EDF6C00BDBDA0 /* webCombViewController.swift */,
			);
			path = NSAttrStrNSParaStyle;
			sourceTree = "<group>";
		};
		42DC9596274648920070D05A = {
			isa = PBXGroup;
			children = (
				42DC95A1274648930070D05A /* DisplayRichArticles */,
				42DC95A0274648930070D05A /* Products */,
				1AA74670275D7AA100BDBDA0 /* Frameworks */,
			);
			sourceTree = "<group>";
		};
		42DC95A0274648930070D05A /* Products */ = {
			isa = PBXGroup;
			children = (
				42DC959F274648930070D05A /* DisplayRichArticles.app */,
			);
			name = Products;
			sourceTree = "<group>";
		};
		42DC95A1274648930070D05A /* DisplayRichArticles */ = {
			isa = PBXGroup;
			children = (
				F28D63822761FDFF00EB642F /* UILabel&UITextView */,
				4225E398275BE6C300EC3F7F /* NSAttrStrNSParaStyle */,
				4225E391275B53A200EC3F7F /* WKWebView */,
				42E91F7B275A14FB00190C8A /* images */,
				42DC95A2274648930070D05A /* AppDelegate.swift */,
				42DC95A4274648930070D05A /* SceneDelegate.swift */,
				42DC95A6274648930070D05A /* ViewController.swift */,
				42DC95A8274648930070D05A /* Main.storyboard */,
				42DC95AB274648960070D05A /* Assets.xcassets */,
				42DC95AD274648960070D05A /* LaunchScreen.storyboard */,
				42DC95B0274648960070D05A /* Info.plist */,
			);
			path = DisplayRichArticles;
			sourceTree = "<group>";
		};
		42E91F7B275A14FB00190C8A /* images */ = {
			isa = PBXGroup;
			children = (
				42E91F7C275A155E00190C8A /* xmas.jpg */,
			);
			path = images;
			sourceTree = "<group>";
		};
		F28D63822761FDFF00EB642F /* UILabel&UITextView */ = {
			isa = PBXGroup;
			children = (
				F28D63832761FE9300EB642F /* UITextViewController.swift */,
			);
			path = "UILabel&UITextView";
			sourceTree = "<group>";
		};
/* End PBXGroup section */

/* Begin PBXNativeTarget section */
		42DC959E274648930070D05A /* DisplayRichArticles */ = {
			isa = PBXNativeTarget;
			buildConfigurationList = 42DC95B3274648960070D05A /* Build configuration list for PBXNativeTarget "DisplayRichArticles" */;
			buildPhases = (
				42DC959B274648930070D05A /* Sources */,
				42DC959C274648930070D05A /* Frameworks */,
				42DC959D274648930070D05A /* Resources */,
			);
			buildRules = (
			);
			dependencies = (
			);
			name = DisplayRichArticles;
			productName = DisplayRichArticles;
			productReference = 42DC959F274648930070D05A /* DisplayRichArticles.app */;
			productType = "com.apple.product-type.application";
		};
/* End PBXNativeTarget section */

/* Begin PBXProject section */
		42DC9597274648920070D05A /* Project object */ = {
			isa = PBXProject;
			attributes = {
				BuildIndependentTargetsInParallel = 1;
				LastSwiftUpdateCheck = 1310;
				LastUpgradeCheck = 1310;
				TargetAttributes = {
					42DC959E274648930070D05A = {
						CreatedOnToolsVersion = 13.1;
					};
				};
			};
			buildConfigurationList = 42DC959A274648920070D05A /* Build configuration list for PBXProject "DisplayRichArticles" */;
			compatibilityVersion = "Xcode 12.0";
			developmentRegion = en;
			hasScannedForEncodings = 0;
			knownRegions = (
				en,
				Base,
			);
			mainGroup = 42DC9596274648920070D05A;
			productRefGroup = 42DC95A0274648930070D05A /* Products */;
			projectDirPath = "";
			projectRoot = "";
			targets = (
				42DC959E274648930070D05A /* DisplayRichArticles */,
			);
		};
/* End PBXProject section */

/* Begin PBXResourcesBuildPhase section */
		42DC959D274648930070D05A /* Resources */ = {
			isa = PBXResourcesBuildPhase;
			buildActionMask = 2147483647;
			files = (
				42E91F7D275A155E00190C8A /* xmas.jpg in Resources */,
				42DC95AF274648960070D05A /* LaunchScreen.storyboard in Resources */,
				597DED3B2763AD6B0039ED98 /* hello-world.html in Resources */,
				42DC95AC274648960070D05A /* Assets.xcassets in Resources */,
				42DC95AA274648930070D05A /* Main.storyboard in Resources */,
			);
			runOnlyForDeploymentPostprocessing = 0;
		};
/* End PBXResourcesBuildPhase section */

/* Begin PBXSourcesBuildPhase section */
		42DC959B274648930070D05A /* Sources */ = {
			isa = PBXSourcesBuildPhase;
			buildActionMask = 2147483647;
			files = (
				42DC95BC2746DF060070D05A /* NSParaStyleViewController.swift in Sources */,
				42DC95A7274648930070D05A /* ViewController.swift in Sources */,
				F28D63842761FE9300EB642F /* UITextViewController.swift in Sources */,
				1AA7466F275D702800BDBDA0 /* rwthMainPageViewController.swift in Sources */,
				1AA74678275EDF3100BDBDA0 /* webNSAttributeViewController.swift in Sources */,
				4225E397275B53A200EC3F7F /* WKWebViewCustomController.swift in Sources */,
				4225E395275B53A200EC3F7F /* WKWebViewWebsiteController.swift in Sources */,
				1AA7467C275EDF6C00BDBDA0 /* webCombViewController.swift in Sources */,
				4225E396275B53A200EC3F7F /* WKWebViewController.swift in Sources */,
				42E91F7F275A26AE00190C8A /* UIImageExtension.swift in Sources */,
				42DC95A3274648930070D05A /* AppDelegate.swift in Sources */,
				42DC95B7274687A00070D05A /* NSAttrStringViewController.swift in Sources */,
				1AA7467A275EDF5100BDBDA0 /* webNSParaViewController.swift in Sources */,
				42DC95A5274648930070D05A /* SceneDelegate.swift in Sources */,
				42FCF5ED2747D9D900A364EA /* NSTextkitViewController.swift in Sources */,
			);
			runOnlyForDeploymentPostprocessing = 0;
		};
/* End PBXSourcesBuildPhase section */

/* Begin PBXVariantGroup section */
		42DC95A8274648930070D05A /* Main.storyboard */ = {
			isa = PBXVariantGroup;
			children = (
				42DC95A9274648930070D05A /* Base */,
			);
			name = Main.storyboard;
			sourceTree = "<group>";
		};
		42DC95AD274648960070D05A /* LaunchScreen.storyboard */ = {
			isa = PBXVariantGroup;
			children = (
				42DC95AE274648960070D05A /* Base */,
			);
			name = LaunchScreen.storyboard;
			sourceTree = "<group>";
		};
/* End PBXVariantGroup section */

/* Begin XCBuildConfiguration section */
		42DC95B1274648960070D05A /* Debug */ = {
			isa = XCBuildConfiguration;
			buildSettings = {
				ALWAYS_SEARCH_USER_PATHS = NO;
				CLANG_ANALYZER_NONNULL = YES;
				CLANG_ANALYZER_NUMBER_OBJECT_CONVERSION = YES_AGGRESSIVE;
				CLANG_CXX_LANGUAGE_STANDARD = "gnu++17";
				CLANG_CXX_LIBRARY = "libc++";
				CLANG_ENABLE_MODULES = YES;
				CLANG_ENABLE_OBJC_ARC = YES;
				CLANG_ENABLE_OBJC_WEAK = YES;
				CLANG_WARN_BLOCK_CAPTURE_AUTORELEASING = YES;
				CLANG_WARN_BOOL_CONVERSION = YES;
				CLANG_WARN_COMMA = YES;
				CLANG_WARN_CONSTANT_CONVERSION = YES;
				CLANG_WARN_DEPRECATED_OBJC_IMPLEMENTATIONS = YES;
				CLANG_WARN_DIRECT_OBJC_ISA_USAGE = YES_ERROR;
				CLANG_WARN_DOCUMENTATION_COMMENTS = YES;
				CLANG_WARN_EMPTY_BODY = YES;
				CLANG_WARN_ENUM_CONVERSION = YES;
				CLANG_WARN_INFINITE_RECURSION = YES;
				CLANG_WARN_INT_CONVERSION = YES;
				CLANG_WARN_NON_LITERAL_NULL_CONVERSION = YES;
				CLANG_WARN_OBJC_IMPLICIT_RETAIN_SELF = YES;
				CLANG_WARN_OBJC_LITERAL_CONVERSION = YES;
				CLANG_WARN_OBJC_ROOT_CLASS = YES_ERROR;
				CLANG_WARN_QUOTED_INCLUDE_IN_FRAMEWORK_HEADER = YES;
				CLANG_WARN_RANGE_LOOP_ANALYSIS = YES;
				CLANG_WARN_STRICT_PROTOTYPES = YES;
				CLANG_WARN_SUSPICIOUS_MOVE = YES;
				CLANG_WARN_UNGUARDED_AVAILABILITY = YES_AGGRESSIVE;
				CLANG_WARN_UNREACHABLE_CODE = YES;
				CLANG_WARN__DUPLICATE_METHOD_MATCH = YES;
				COPY_PHASE_STRIP = NO;
				DEBUG_INFORMATION_FORMAT = dwarf;
				ENABLE_STRICT_OBJC_MSGSEND = YES;
				ENABLE_TESTABILITY = YES;
				GCC_C_LANGUAGE_STANDARD = gnu11;
				GCC_DYNAMIC_NO_PIC = NO;
				GCC_NO_COMMON_BLOCKS = YES;
				GCC_OPTIMIZATION_LEVEL = 0;
				GCC_PREPROCESSOR_DEFINITIONS = (
					"DEBUG=1",
					"$(inherited)",
				);
				GCC_WARN_64_TO_32_BIT_CONVERSION = YES;
				GCC_WARN_ABOUT_RETURN_TYPE = YES_ERROR;
				GCC_WARN_UNDECLARED_SELECTOR = YES;
				GCC_WARN_UNINITIALIZED_AUTOS = YES_AGGRESSIVE;
				GCC_WARN_UNUSED_FUNCTION = YES;
				GCC_WARN_UNUSED_VARIABLE = YES;
				IPHONEOS_DEPLOYMENT_TARGET = 15.0;
				MTL_ENABLE_DEBUG_INFO = INCLUDE_SOURCE;
				MTL_FAST_MATH = YES;
				ONLY_ACTIVE_ARCH = YES;
				SDKROOT = iphoneos;
				SWIFT_ACTIVE_COMPILATION_CONDITIONS = DEBUG;
				SWIFT_OPTIMIZATION_LEVEL = "-Onone";
			};
			name = Debug;
		};
		42DC95B2274648960070D05A /* Release */ = {
			isa = XCBuildConfiguration;
			buildSettings = {
				ALWAYS_SEARCH_USER_PATHS = NO;
				CLANG_ANALYZER_NONNULL = YES;
				CLANG_ANALYZER_NUMBER_OBJECT_CONVERSION = YES_AGGRESSIVE;
				CLANG_CXX_LANGUAGE_STANDARD = "gnu++17";
				CLANG_CXX_LIBRARY = "libc++";
				CLANG_ENABLE_MODULES = YES;
				CLANG_ENABLE_OBJC_ARC = YES;
				CLANG_ENABLE_OBJC_WEAK = YES;
				CLANG_WARN_BLOCK_CAPTURE_AUTORELEASING = YES;
				CLANG_WARN_BOOL_CONVERSION = YES;
				CLANG_WARN_COMMA = YES;
				CLANG_WARN_CONSTANT_CONVERSION = YES;
				CLANG_WARN_DEPRECATED_OBJC_IMPLEMENTATIONS = YES;
				CLANG_WARN_DIRECT_OBJC_ISA_USAGE = YES_ERROR;
				CLANG_WARN_DOCUMENTATION_COMMENTS = YES;
				CLANG_WARN_EMPTY_BODY = YES;
				CLANG_WARN_ENUM_CONVERSION = YES;
				CLANG_WARN_INFINITE_RECURSION = YES;
				CLANG_WARN_INT_CONVERSION = YES;
				CLANG_WARN_NON_LITERAL_NULL_CONVERSION = YES;
				CLANG_WARN_OBJC_IMPLICIT_RETAIN_SELF = YES;
				CLANG_WARN_OBJC_LITERAL_CONVERSION = YES;
				CLANG_WARN_OBJC_ROOT_CLASS = YES_ERROR;
				CLANG_WARN_QUOTED_INCLUDE_IN_FRAMEWORK_HEADER = YES;
				CLANG_WARN_RANGE_LOOP_ANALYSIS = YES;
				CLANG_WARN_STRICT_PROTOTYPES = YES;
				CLANG_WARN_SUSPICIOUS_MOVE = YES;
				CLANG_WARN_UNGUARDED_AVAILABILITY = YES_AGGRESSIVE;
				CLANG_WARN_UNREACHABLE_CODE = YES;
				CLANG_WARN__DUPLICATE_METHOD_MATCH = YES;
				COPY_PHASE_STRIP = NO;
				DEBUG_INFORMATION_FORMAT = "dwarf-with-dsym";
				ENABLE_NS_ASSERTIONS = NO;
				ENABLE_STRICT_OBJC_MSGSEND = YES;
				GCC_C_LANGUAGE_STANDARD = gnu11;
				GCC_NO_COMMON_BLOCKS = YES;
				GCC_WARN_64_TO_32_BIT_CONVERSION = YES;
				GCC_WARN_ABOUT_RETURN_TYPE = YES_ERROR;
				GCC_WARN_UNDECLARED_SELECTOR = YES;
				GCC_WARN_UNINITIALIZED_AUTOS = YES_AGGRESSIVE;
				GCC_WARN_UNUSED_FUNCTION = YES;
				GCC_WARN_UNUSED_VARIABLE = YES;
				IPHONEOS_DEPLOYMENT_TARGET = 15.0;
				MTL_ENABLE_DEBUG_INFO = NO;
				MTL_FAST_MATH = YES;
				SDKROOT = iphoneos;
				SWIFT_COMPILATION_MODE = wholemodule;
				SWIFT_OPTIMIZATION_LEVEL = "-O";
				VALIDATE_PRODUCT = YES;
			};
			name = Release;
		};
		42DC95B4274648960070D05A /* Debug */ = {
			isa = XCBuildConfiguration;
			buildSettings = {
				ASSETCATALOG_COMPILER_APPICON_NAME = AppIcon;
				ASSETCATALOG_COMPILER_GLOBAL_ACCENT_COLOR_NAME = AccentColor;
				CODE_SIGN_STYLE = Automatic;
				CURRENT_PROJECT_VERSION = 1;
				DEVELOPMENT_TEAM = UQT2BA5L5W;
				GENERATE_INFOPLIST_FILE = YES;
				INFOPLIST_FILE = DisplayRichArticles/Info.plist;
				INFOPLIST_KEY_UIApplicationSupportsIndirectInputEvents = YES;
				INFOPLIST_KEY_UILaunchStoryboardName = LaunchScreen;
				INFOPLIST_KEY_UIMainStoryboardFile = Main;
				INFOPLIST_KEY_UISupportedInterfaceOrientations_iPad = "UIInterfaceOrientationPortrait UIInterfaceOrientationPortraitUpsideDown UIInterfaceOrientationLandscapeLeft UIInterfaceOrientationLandscapeRight";
				INFOPLIST_KEY_UISupportedInterfaceOrientations_iPhone = "UIInterfaceOrientationPortrait UIInterfaceOrientationLandscapeLeft UIInterfaceOrientationLandscapeRight";
				IPHONEOS_DEPLOYMENT_TARGET = 15.0;
				LD_RUNPATH_SEARCH_PATHS = (
					"$(inherited)",
					"@executable_path/Frameworks",
				);
				MARKETING_VERSION = 1.0;
				PRODUCT_BUNDLE_IDENTIFIER = "de.rwth-aachen.ios.WS2122.DisplayRichArticles";
				PRODUCT_NAME = "$(TARGET_NAME)";
				SWIFT_EMIT_LOC_STRINGS = YES;
				SWIFT_VERSION = 5.0;
				TARGETED_DEVICE_FAMILY = "1,2";
			};
			name = Debug;
		};
		42DC95B5274648960070D05A /* Release */ = {
			isa = XCBuildConfiguration;
			buildSettings = {
				ASSETCATALOG_COMPILER_APPICON_NAME = AppIcon;
				ASSETCATALOG_COMPILER_GLOBAL_ACCENT_COLOR_NAME = AccentColor;
				CODE_SIGN_STYLE = Automatic;
				CURRENT_PROJECT_VERSION = 1;
				DEVELOPMENT_TEAM = UQT2BA5L5W;
				GENERATE_INFOPLIST_FILE = YES;
				INFOPLIST_FILE = DisplayRichArticles/Info.plist;
				INFOPLIST_KEY_UIApplicationSupportsIndirectInputEvents = YES;
				INFOPLIST_KEY_UILaunchStoryboardName = LaunchScreen;
				INFOPLIST_KEY_UIMainStoryboardFile = Main;
				INFOPLIST_KEY_UISupportedInterfaceOrientations_iPad = "UIInterfaceOrientationPortrait UIInterfaceOrientationPortraitUpsideDown UIInterfaceOrientationLandscapeLeft UIInterfaceOrientationLandscapeRight";
				INFOPLIST_KEY_UISupportedInterfaceOrientations_iPhone = "UIInterfaceOrientationPortrait UIInterfaceOrientationLandscapeLeft UIInterfaceOrientationLandscapeRight";
				IPHONEOS_DEPLOYMENT_TARGET = 15.0;
				LD_RUNPATH_SEARCH_PATHS = (
					"$(inherited)",
					"@executable_path/Frameworks",
				);
				MARKETING_VERSION = 1.0;
				PRODUCT_BUNDLE_IDENTIFIER = "de.rwth-aachen.ios.WS2122.DisplayRichArticles";
				PRODUCT_NAME = "$(TARGET_NAME)";
				SWIFT_EMIT_LOC_STRINGS = YES;
				SWIFT_VERSION = 5.0;
				TARGETED_DEVICE_FAMILY = "1,2";
			};
			name = Release;
		};
/* End XCBuildConfiguration section */

/* Begin XCConfigurationList section */
		42DC959A274648920070D05A /* Build configuration list for PBXProject "DisplayRichArticles" */ = {
			isa = XCConfigurationList;
			buildConfigurations = (
				42DC95B1274648960070D05A /* Debug */,
				42DC95B2274648960070D05A /* Release */,
			);
			defaultConfigurationIsVisible = 0;
			defaultConfigurationName = Debug;
		};
		42DC95B3274648960070D05A /* Build configuration list for PBXNativeTarget "DisplayRichArticles" */ = {
			isa = XCConfigurationList;
			buildConfigurations = (
				42DC95B4274648960070D05A /* Debug */,
				42DC95B5274648960070D05A /* Release */,
			);
			defaultConfigurationIsVisible = 0;
			defaultConfigurationName = Debug;
		};
/* End XCConfigurationList section */
	};
	rootObject = 42DC9597274648920070D05A /* Project object */;
}
